Microsoft Visual Studio Solution File, Format Version 12.00
# Visual Studio Version 17
VisualStudioVersion = 17.5.2.0
MinimumVisualStudioVersion = 10.0.40219.1
Project("{FAE04EC0-301F-11D3-BF4B-00C04F79EFBC}") = "Comeback", "Comeback.csproj", "{50BD1F78-2478-76DC-A41B-155C65F1F2F4}"
EndProject
Global
	GlobalSection(SolutionConfigurationPlatforms) = preSolution
		Debug|Any CPU = Debug|Any CPU
		Release|Any CPU = Release|Any CPU
	EndGlobalSection
	GlobalSection(ProjectConfigurationPlatforms) = postSolution
		{50BD1F78-2478-76DC-A41B-155C65F1F2F4}.Debug|Any CPU.ActiveCfg = Debug|Any CPU
		{50BD1F78-2478-76DC-A41B-155C65F1F2F4}.Debug|Any CPU.Build.0 = Debug|Any CPU
		{50BD1F78-2478-76DC-A41B-155C65F1F2F4}.Release|Any CPU.ActiveCfg = Release|Any CPU
		{50BD1F78-2478-76DC-A41B-155C65F1F2F4}.Release|Any CPU.Build.0 = Release|Any CPU
	EndGlobalSection
	GlobalSection(SolutionProperties) = preSolution
		HideSolutionNode = FALSE
	EndGlobalSection
	GlobalSection(ExtensibilityGlobals) = postSolution
		SolutionGuid = {83D26CBA-B6CA-439B-B30D-6D79D0180A8C}
	EndGlobalSection
EndGlobal
